
Microsoft Visual Studio Solution File, Format Version 12.00
# Visual Studio 14
VisualStudioVersion = 14.0.25420.1
MinimumVisualStudioVersion = 10.0.40219.1
Project("{FAE04EC0-301F-11D3-BF4B-00C04F79EFBC}") = "Security.OAuth", "Security.OAuth\Security.OAuth.csproj", "{75EC9E29-27B8-49CF-A369-51FFB9D35377}"
EndProject
Global
	GlobalSection(SolutionConfigurationPlatforms) = preSolution
		Debug|Any CPU = Debug|Any CPU
		Release|Any CPU = Release|Any CPU
	EndGlobalSection
	GlobalSection(ProjectConfigurationPlatforms) = postSolution
		{75EC9E29-27B8-49CF-A369-51FFB9D35377}.Debug|Any CPU.ActiveCfg = Debug|Any CPU
		{75EC9E29-27B8-49CF-A369-51FFB9D35377}.Debug|Any CPU.Build.0 = Debug|Any CPU
		{75EC9E29-27B8-49CF-A369-51FFB9D35377}.Release|Any CPU.ActiveCfg = Release|Any CPU
		{75EC9E29-27B8-49CF-A369-51FFB9D35377}.Release|Any CPU.Build.0 = Release|Any CPU
	EndGlobalSection
	GlobalSection(SolutionProperties) = preSolution
		HideSolutionNode = FALSE
	EndGlobalSection
EndGlobal
